{
  "name": "dd",
  "version": "1.0.0",
  "lockfileVersion": 1,
  "requires": true,
  "dependencies": {
    "propper": {
      "version": "1.0.3",
      "resolved": "https://registry.npmjs.org/propper/-/propper-1.0.3.tgz",
      "integrity": "sha512-JiphDbn2afwuT1JH/MrTmyXHgi+yT5j/ByxfPRKHBzmAxFLo8ZjowVKvCju1ndGQwrjEu/W0nIlqzxCyTps2/A=="
    }
  }
}
